
Microsoft Visual Studio Solution File, Format Version 12.00
# Visual Studio Version 16
VisualStudioVersion = 16.0.31025.194
MinimumVisualStudioVersion = 10.0.40219.1
Project("{FAE04EC0-301F-11D3-BF4B-00C04F79EFBC}") = "lms-core", "lms-core\lms-core.csproj", "{55100CE6-9E89-4113-8189-D454C4ED8D95}"
EndProject
Global
	GlobalSection(SolutionConfigurationPlatforms) = preSolution
		Debug|Any CPU = Debug|Any CPU
		Release|Any CPU = Release|Any CPU
	EndGlobalSection
	GlobalSection(ProjectConfigurationPlatforms) = postSolution
		{55100CE6-9E89-4113-8189-D454C4ED8D95}.Debug|Any CPU.ActiveCfg = Debug|Any CPU
		{55100CE6-9E89-4113-8189-D454C4ED8D95}.Debug|Any CPU.Build.0 = Debug|Any CPU
		{55100CE6-9E89-4113-8189-D454C4ED8D95}.Release|Any CPU.ActiveCfg = Release|Any CPU
		{55100CE6-9E89-4113-8189-D454C4ED8D95}.Release|Any CPU.Build.0 = Release|Any CPU
	EndGlobalSection
	GlobalSection(SolutionProperties) = preSolution
		HideSolutionNode = FALSE
	EndGlobalSection
	GlobalSection(ExtensibilityGlobals) = postSolution
		SolutionGuid = {CE4092BB-A884-4B79-A238-DAC1F0145BE7}
	EndGlobalSection
EndGlobal
